
Microsoft Visual Studio Solution File, Format Version 12.00
# Visual Studio Version 16
VisualStudioVersion = 16.0.31025.194
MinimumVisualStudioVersion = 10.0.40219.1
Project("{FAE04EC0-301F-11D3-BF4B-00C04F79EFBC}") = "Assign3(a)", "Assign3(a)\Assign3(a).csproj", "{38E63237-7C9F-415F-B5E9-68DE904C70FB}"
EndProject
Global
	GlobalSection(SolutionConfigurationPlatforms) = preSolution
		Debug|Any CPU = Debug|Any CPU
		Release|Any CPU = Release|Any CPU
	EndGlobalSection
	GlobalSection(ProjectConfigurationPlatforms) = postSolution
		{38E63237-7C9F-415F-B5E9-68DE904C70FB}.Debug|Any CPU.ActiveCfg = Debug|Any CPU
		{38E63237-7C9F-415F-B5E9-68DE904C70FB}.Debug|Any CPU.Build.0 = Debug|Any CPU
		{38E63237-7C9F-415F-B5E9-68DE904C70FB}.Release|Any CPU.ActiveCfg = Release|Any CPU
		{38E63237-7C9F-415F-B5E9-68DE904C70FB}.Release|Any CPU.Build.0 = Release|Any CPU
	EndGlobalSection
	GlobalSection(SolutionProperties) = preSolution
		HideSolutionNode = FALSE
	EndGlobalSection
	GlobalSection(ExtensibilityGlobals) = postSolution
		SolutionGuid = {A7627493-593E-42D2-8C18-C6184431EEE1}
	EndGlobalSection
EndGlobal
